
Microsoft Visual Studio Solution File, Format Version 12.00
# Visual Studio 14
VisualStudioVersion = 14.0.25420.1
MinimumVisualStudioVersion = 10.0.40219.1
Project("{FAE04EC0-301F-11D3-BF4B-00C04F79EFBC}") = "CustomList", "CustomList.csproj", "{B823993C-BA7A-482D-9D30-9138934CBF83}"
EndProject
Project("{FAE04EC0-301F-11D3-BF4B-00C04F79EFBC}") = "ListTests", "..\ListTests\ListTests.csproj", "{5E79C12D-0BA7-4564-904A-669E24F83611}"
EndProject
Global
	GlobalSection(SolutionConfigurationPlatforms) = preSolution
		Debug|Any CPU = Debug|Any CPU
		Release|Any CPU = Release|Any CPU
	EndGlobalSection
	GlobalSection(ProjectConfigurationPlatforms) = postSolution
		{B823993C-BA7A-482D-9D30-9138934CBF83}.Debug|Any CPU.ActiveCfg = Debug|Any CPU
		{B823993C-BA7A-482D-9D30-9138934CBF83}.Debug|Any CPU.Build.0 = Debug|Any CPU
		{B823993C-BA7A-482D-9D30-9138934CBF83}.Release|Any CPU.ActiveCfg = Release|Any CPU
		{B823993C-BA7A-482D-9D30-9138934CBF83}.Release|Any CPU.Build.0 = Release|Any CPU
		{5E79C12D-0BA7-4564-904A-669E24F83611}.Debug|Any CPU.ActiveCfg = Debug|Any CPU
		{5E79C12D-0BA7-4564-904A-669E24F83611}.Debug|Any CPU.Build.0 = Debug|Any CPU
		{5E79C12D-0BA7-4564-904A-669E24F83611}.Release|Any CPU.ActiveCfg = Release|Any CPU
		{5E79C12D-0BA7-4564-904A-669E24F83611}.Release|Any CPU.Build.0 = Release|Any CPU
	EndGlobalSection
	GlobalSection(SolutionProperties) = preSolution
		HideSolutionNode = FALSE
	EndGlobalSection
EndGlobal
